<?xml version="1.0" encoding="UTF-8" standalone="yes" ?>
<CodeBlocks_project_file>
	<FileVersion major="1" minor="6" />
	<Project>
		<Option title="pProjet" />
		<Option pch_mode="2" />
		<Option compiler="gcc" />
		<Build>
			<Target title="Debug">
				<Option output="bin/Debug/pTestSFML" prefix_auto="1" extension_auto="1" />
				<Option object_output="obj/Debug/" />
				<Option type="1" />
				<Option compiler="gcc" />
				<Compiler>
					<Add option="-g" />
					<Add directory="include" />
				</Compiler>
			</Target>
			<Target title="Release">
				<Option output="bin/Release/pTestSFML" prefix_auto="1" extension_auto="1" />
				<Option object_output="obj/Release/" />
				<Option type="1" />
				<Option compiler="gcc" />
				<Compiler>
					<Add option="-O2" />
					<Add directory="include" />
				</Compiler>
				<Linker>
					<Add option="-s" />
				</Linker>
			</Target>
		</Build>
		<Compiler>
			<Add option="-Wall" />
			<Add option="-fexceptions" />
		</Compiler>
		<Unit filename="include/BarView.h" />
		<Unit filename="include/BiomePlanet.h" />
		<Unit filename="include/Character.h" />
		<Unit filename="include/CharacterBoss.h" />
		<Unit filename="include/CharacterHero.h" />
		<Unit filename="include/CharacterView.h" />
		<Unit filename="include/Fight.h" />
		<Unit filename="include/IConstante.h" />
		<Unit filename="include/Management.h" />
		<Unit filename="include/Menu.h" />
		<Unit filename="include/Planet.h" />
		<Unit filename="include/Player.h" />
		<Unit filename="include/Spacecraft.h" />
		<Unit filename="include/SpacecraftView.h" />
		<Unit filename="include/Universe.h" />
		<Unit filename="main.cpp" />
		<Unit filename="src/BarView.cpp" />
		<Unit filename="src/BiomePlanet.cpp" />
		<Unit filename="src/Character.cpp" />
		<Unit filename="src/CharacterBoss.cpp" />
		<Unit filename="src/CharacterHero.cpp" />
		<Unit filename="src/CharacterView.cpp" />
		<Unit filename="src/Fight.cpp" />
		<Unit filename="src/IConstante.cpp" />
		<Unit filename="src/Management.cpp" />
		<Unit filename="src/Menu.cpp" />
		<Unit filename="src/Planet.cpp" />
		<Unit filename="src/Player.cpp" />
		<Unit filename="src/Spacecraft.cpp" />
		<Unit filename="src/SpacecraftView.cpp" />
		<Unit filename="src/Universe.cpp" />
		<Extensions />
	</Project>
</CodeBlocks_project_file>
